
Microsoft Visual Studio Solution File, Format Version 12.00
# Visual Studio Version 17
VisualStudioVersion = 17.4.33213.308
MinimumVisualStudioVersion = 10.0.40219.1
Project("{FAE04EC0-301F-11D3-BF4B-00C04F79EFBC}") = "LMS", "LMS\LMS.csproj", "{B340CE9D-A657-401D-81DA-F2C06C0A046D}"
EndProject
Global
	GlobalSection(SolutionConfigurationPlatforms) = preSolution
		Debug|Any CPU = Debug|Any CPU
		Release|Any CPU = Release|Any CPU
	EndGlobalSection
	GlobalSection(ProjectConfigurationPlatforms) = postSolution
		{B340CE9D-A657-401D-81DA-F2C06C0A046D}.Debug|Any CPU.ActiveCfg = Debug|Any CPU
		{B340CE9D-A657-401D-81DA-F2C06C0A046D}.Debug|Any CPU.Build.0 = Debug|Any CPU
		{B340CE9D-A657-401D-81DA-F2C06C0A046D}.Release|Any CPU.ActiveCfg = Release|Any CPU
		{B340CE9D-A657-401D-81DA-F2C06C0A046D}.Release|Any CPU.Build.0 = Release|Any CPU
	EndGlobalSection
	GlobalSection(SolutionProperties) = preSolution
		HideSolutionNode = FALSE
	EndGlobalSection
	GlobalSection(ExtensibilityGlobals) = postSolution
		SolutionGuid = {51556695-42A7-48AB-8C14-E4AC56FA075A}
	EndGlobalSection
EndGlobal
